<Solution>
  <Folder Name="/src/">
    <Project Path="src/LiveAuction.Api/LiveAuction.Api.csproj" />
    <Project Path="src/LiveAuction.Application/LiveAuction.Application.csproj" />
    <Project Path="src/LiveAuction.Domain/LiveAuction.Domain.csproj" />
    <Project Path="src/LiveAuction.Infrastructure/LiveAuction.Infrastructure.csproj" />
  </Folder>
  <Folder Name="/tests/">
    <Project Path="tests/LiveAuction.IntegrationTests/LiveAuction.IntegrationTests.csproj" />
    <Project Path="tests/LiveAuction.UnitTests/LiveAuction.UnitTests.csproj" />
  </Folder>
  <Folder Name="/Solution Items/">
    <File Path="Directory.Build.props" />
    <File Path="Directory.Packages.props" />
    <File Path="global.json" />
  </Folder>
</Solution>
